
Microsoft Visual Studio Solution File, Format Version 12.00
# Visual Studio 15
VisualStudioVersion = 15.0.26730.12
MinimumVisualStudioVersion = 10.0.40219.1
Project("{FAE04EC0-301F-11D3-BF4B-00C04F79EFBC}") = "Client", "Client\Client.csproj", "{D7B82C60-4A1C-42FB-B73B-2687325FE1AF}"
EndProject
Project("{FAE04EC0-301F-11D3-BF4B-00C04F79EFBC}") = "Steffan2", "Steffan2\Steffan2.csproj", "{FE0DE577-BF14-43E5-839E-20F049E6D5E1}"
EndProject
Global
	GlobalSection(SolutionConfigurationPlatforms) = preSolution
		Debug|Any CPU = Debug|Any CPU
		Release|Any CPU = Release|Any CPU
	EndGlobalSection
	GlobalSection(ProjectConfigurationPlatforms) = postSolution
		{D7B82C60-4A1C-42FB-B73B-2687325FE1AF}.Debug|Any CPU.ActiveCfg = Debug|Any CPU
		{D7B82C60-4A1C-42FB-B73B-2687325FE1AF}.Debug|Any CPU.Build.0 = Debug|Any CPU
		{D7B82C60-4A1C-42FB-B73B-2687325FE1AF}.Release|Any CPU.ActiveCfg = Release|Any CPU
		{D7B82C60-4A1C-42FB-B73B-2687325FE1AF}.Release|Any CPU.Build.0 = Release|Any CPU
		{FE0DE577-BF14-43E5-839E-20F049E6D5E1}.Debug|Any CPU.ActiveCfg = Debug|Any CPU
		{FE0DE577-BF14-43E5-839E-20F049E6D5E1}.Debug|Any CPU.Build.0 = Debug|Any CPU
		{FE0DE577-BF14-43E5-839E-20F049E6D5E1}.Release|Any CPU.ActiveCfg = Release|Any CPU
		{FE0DE577-BF14-43E5-839E-20F049E6D5E1}.Release|Any CPU.Build.0 = Release|Any CPU
	EndGlobalSection
	GlobalSection(SolutionProperties) = preSolution
		HideSolutionNode = FALSE
	EndGlobalSection
	GlobalSection(ExtensibilityGlobals) = postSolution
		SolutionGuid = {2CA8BE4A-8E31-4A28-B807-FADD0825927B}
	EndGlobalSection
EndGlobal
